
Microsoft Visual Studio Solution File, Format Version 12.00
# Visual Studio 2013
VisualStudioVersion = 12.0.40629.0
MinimumVisualStudioVersion = 10.0.40219.1
Project("{8BC9CEB8-8B4A-11D0-8D11-00A0C91BC942}") = "LuaUI2", "LuaUI2\LuaUI2.vcxproj", "{65E28156-3665-46AC-934C-17CADFEFF9B9}"
EndProject
Project("{8BC9CEB8-8B4A-11D0-8D11-00A0C91BC942}") = "GdipTest", "GdipTest\GdipTest.vcxproj", "{F82C8BA3-FC4F-4575-B21E-C1E3B217B074}"
EndProject
Project("{8BC9CEB8-8B4A-11D0-8D11-00A0C91BC942}") = "cjson", "lua-cjson\lua-cjson.vcxproj", "{5518AAD5-9820-404D-B4B6-C264C635761D}"
EndProject
Project("{8BC9CEB8-8B4A-11D0-8D11-00A0C91BC942}") = "LuaSQLite3", "LuaSQLite3\LuaSQLite3.vcxproj", "{3454620A-45E6-4CA3-A0B8-522515C6C46C}"
EndProject
Project("{8BC9CEB8-8B4A-11D0-8D11-00A0C91BC942}") = "luabins", "luabins\luabins.vcxproj", "{9AC5E7C1-A7E9-425A-B161-8459E0CEDCE0}"
EndProject
Global
	GlobalSection(SolutionConfigurationPlatforms) = preSolution
		Debug|Win32 = Debug|Win32
		Release|Win32 = Release|Win32
	EndGlobalSection
	GlobalSection(ProjectConfigurationPlatforms) = postSolution
		{65E28156-3665-46AC-934C-17CADFEFF9B9}.Debug|Win32.ActiveCfg = Debug|Win32
		{65E28156-3665-46AC-934C-17CADFEFF9B9}.Debug|Win32.Build.0 = Debug|Win32
		{65E28156-3665-46AC-934C-17CADFEFF9B9}.Release|Win32.ActiveCfg = Release|Win32
		{65E28156-3665-46AC-934C-17CADFEFF9B9}.Release|Win32.Build.0 = Release|Win32
		{F82C8BA3-FC4F-4575-B21E-C1E3B217B074}.Debug|Win32.ActiveCfg = Debug|Win32
		{F82C8BA3-FC4F-4575-B21E-C1E3B217B074}.Debug|Win32.Build.0 = Debug|Win32
		{F82C8BA3-FC4F-4575-B21E-C1E3B217B074}.Release|Win32.ActiveCfg = Release|Win32
		{F82C8BA3-FC4F-4575-B21E-C1E3B217B074}.Release|Win32.Build.0 = Release|Win32
		{5518AAD5-9820-404D-B4B6-C264C635761D}.Debug|Win32.ActiveCfg = Debug|Win32
		{5518AAD5-9820-404D-B4B6-C264C635761D}.Debug|Win32.Build.0 = Debug|Win32
		{5518AAD5-9820-404D-B4B6-C264C635761D}.Release|Win32.ActiveCfg = Release|Win32
		{5518AAD5-9820-404D-B4B6-C264C635761D}.Release|Win32.Build.0 = Release|Win32
		{3454620A-45E6-4CA3-A0B8-522515C6C46C}.Debug|Win32.ActiveCfg = Debug|Win32
		{3454620A-45E6-4CA3-A0B8-522515C6C46C}.Debug|Win32.Build.0 = Debug|Win32
		{3454620A-45E6-4CA3-A0B8-522515C6C46C}.Release|Win32.ActiveCfg = Release|Win32
		{3454620A-45E6-4CA3-A0B8-522515C6C46C}.Release|Win32.Build.0 = Release|Win32
		{9AC5E7C1-A7E9-425A-B161-8459E0CEDCE0}.Debug|Win32.ActiveCfg = Debug|Win32
		{9AC5E7C1-A7E9-425A-B161-8459E0CEDCE0}.Debug|Win32.Build.0 = Debug|Win32
		{9AC5E7C1-A7E9-425A-B161-8459E0CEDCE0}.Release|Win32.ActiveCfg = Release|Win32
		{9AC5E7C1-A7E9-425A-B161-8459E0CEDCE0}.Release|Win32.Build.0 = Release|Win32
	EndGlobalSection
	GlobalSection(SolutionProperties) = preSolution
		HideSolutionNode = FALSE
	EndGlobalSection
EndGlobal
