<?xml version="1.0" encoding="utf-8"?>
<Project ToolsVersion="4.0" xmlns="http://schemas.microsoft.com/developer/msbuild/2003">
  <ItemGroup>
    <Filter Include="Source Files">
      <UniqueIdentifier>{4FC737F1-C7A5-4376-A066-2A32D752A2FF}</UniqueIdentifier>
      <Extensions>cpp;c;cc;cxx;def;odl;idl;hpj;bat;asm;asmx</Extensions>
    </Filter>
    <Filter Include="Header Files">
      <UniqueIdentifier>{93995380-89BD-4b04-88EB-625FBE52EBFB}</UniqueIdentifier>
      <Extensions>h;hpp;hxx;hm;inl;inc;xsd</Extensions>
    </Filter>
    <Filter Include="Resource Files">
      <UniqueIdentifier>{67DA6AB6-F800-4c08-8B7A-83BB121AAD01}</UniqueIdentifier>
      <Extensions>rc;ico;cur;bmp;dlg;rc2;rct;bin;rgs;gif;jpg;jpeg;jpe;resx;tiff;tif;png;wav</Extensions>
    </Filter>
  </ItemGroup>
  <ItemGroup>
    <ClCompile Include="CanvasSprite.cpp">
      <Filter>Source Files</Filter>
    </ClCompile>
    <ClCompile Include="Common.cpp">
      <Filter>Source Files</Filter>
    </ClCompile>
    <ClCompile Include="dllmain.cpp">
      <Filter>Source Files</Filter>
    </ClCompile>
    <ClCompile Include="EditSprite.cpp">
      <Filter>Source Files</Filter>
    </ClCompile>
    <ClCompile Include="HostWindow.cpp">
      <Filter>Source Files</Filter>
    </ClCompile>
    <ClCompile Include="ImeInput.cpp">
      <Filter>Source Files</Filter>
    </ClCompile>
    <ClCompile Include="LuaBitmap.cpp">
      <Filter>Source Files</Filter>
    </ClCompile>
    <ClCompile Include="LuaHttp.cpp">
      <Filter>Source Files</Filter>
    </ClCompile>
    <ClCompile Include="LuaObject.cpp">
      <Filter>Source Files</Filter>
    </ClCompile>
    <ClCompile Include="LuaTimer.cpp">
      <Filter>Source Files</Filter>
    </ClCompile>
    <ClCompile Include="LuaUI2.cpp">
      <Filter>Source Files</Filter>
    </ClCompile>
    <ClCompile Include="ResourceManager.cpp">
      <Filter>Source Files</Filter>
    </ClCompile>
    <ClCompile Include="Sprite.cpp">
      <Filter>Source Files</Filter>
    </ClCompile>
    <ClCompile Include="stdafx.cpp">
      <Filter>Source Files</Filter>
    </ClCompile>
    <ClCompile Include="UniConversion.cpp">
      <Filter>Source Files</Filter>
    </ClCompile>
    <ClCompile Include="WinApi.cpp">
      <Filter>Source Files</Filter>
    </ClCompile>
    <ClCompile Include="SpriteLua.cpp">
      <Filter>Source Files</Filter>
    </ClCompile>
    <ClCompile Include="BuildinSprites.cpp">
      <Filter>Source Files</Filter>
    </ClCompile>
    <ClCompile Include="HostWindowLua.cpp">
      <Filter>Source Files</Filter>
    </ClCompile>
    <ClCompile Include="CanvasSpriteLua.cpp">
      <Filter>Source Files</Filter>
    </ClCompile>
    <ClCompile Include="LBitmap.cpp">
      <Filter>Source Files</Filter>
    </ClCompile>
    <ClCompile Include="StringBuffer.cpp">
      <Filter>Source Files</Filter>
    </ClCompile>
    <ClCompile Include="TextEdit.cpp">
      <Filter>Source Files</Filter>
    </ClCompile>
    <ClCompile Include="TextEditLua.cpp">
      <Filter>Source Files</Filter>
    </ClCompile>
    <ClCompile Include="BuildinSpriteLua.cpp">
      <Filter>Source Files</Filter>
    </ClCompile>
  </ItemGroup>
  <ItemGroup>
    <ClInclude Include="Common.h">
      <Filter>Header Files</Filter>
    </ClInclude>
    <ClInclude Include="EditSprite.h">
      <Filter>Header Files</Filter>
    </ClInclude>
    <ClInclude Include="HostWindow.h">
      <Filter>Header Files</Filter>
    </ClInclude>
    <ClInclude Include="ImeInput.h">
      <Filter>Header Files</Filter>
    </ClInclude>
    <ClInclude Include="LuaUI2.h">
      <Filter>Header Files</Filter>
    </ClInclude>
    <ClInclude Include="ResourceManager.h">
      <Filter>Header Files</Filter>
    </ClInclude>
    <ClInclude Include="Sprite.h">
      <Filter>Header Files</Filter>
    </ClInclude>
    <ClInclude Include="stdafx.h">
      <Filter>Header Files</Filter>
    </ClInclude>
    <ClInclude Include="targetver.h">
      <Filter>Header Files</Filter>
    </ClInclude>
    <ClInclude Include="UniConversion.h">
      <Filter>Header Files</Filter>
    </ClInclude>
    <ClInclude Include="WinApi.h">
      <Filter>Header Files</Filter>
    </ClInclude>
    <ClInclude Include="SpriteLua.h">
      <Filter>Header Files</Filter>
    </ClInclude>
    <ClInclude Include="StringBuffer.h">
      <Filter>Header Files</Filter>
    </ClInclude>
    <ClInclude Include="Object.h">
      <Filter>Header Files</Filter>
    </ClInclude>
    <ClInclude Include="TextEdit.h">
      <Filter>Header Files</Filter>
    </ClInclude>
    <ClInclude Include="TextEditLua.h">
      <Filter>Header Files</Filter>
    </ClInclude>
    <ClInclude Include="LuaHttp.h">
      <Filter>Header Files</Filter>
    </ClInclude>
    <ClInclude Include="BuildinSpriteLua.h">
      <Filter>Header Files</Filter>
    </ClInclude>
    <ClInclude Include="LuaObject.h">
      <Filter>Header Files</Filter>
    </ClInclude>
    <ClInclude Include="BuildinSprites.h">
      <Filter>Header Files</Filter>
    </ClInclude>
  </ItemGroup>
  <ItemGroup>
    <Text Include="ReadMe.txt" />
  </ItemGroup>
</Project>